
Microsoft Visual Studio Solution File, Format Version 12.00
# Visual Studio 14
VisualStudioVersion = 14.0.25420.1
MinimumVisualStudioVersion = 10.0.40219.1
Project("{FAE04EC0-301F-11D3-BF4B-00C04F79EFBC}") = "CookingEmulator", "CookingEmulator\CookingEmulator.csproj", "{70CB7228-189F-4E39-BDC7-0E349D31CF20}"
EndProject
Project("{FAE04EC0-301F-11D3-BF4B-00C04F79EFBC}") = "WPFEmulator", "WPFEmulator\WPFEmulator.csproj", "{51C39A62-235B-4043-9737-BA9560B10675}"
EndProject
Project("{FAE04EC0-301F-11D3-BF4B-00C04F79EFBC}") = "ClientOrderQueue", "ClientOrderQueue\ClientOrderQueue.csproj", "{377CDA51-6DF8-42E8-871E-54B13D7C8525}"
EndProject
Project("{54435603-DBB4-11D2-8724-00A0C9A8B90C}") = "OrderQueueSetup", "Setup1\Setup1.vdproj", "{3A9DF837-30A2-4477-931A-20D9925A1860}"
	ProjectSection(ProjectDependencies) = postProject
		{51C39A62-235B-4043-9737-BA9560B10675} = {51C39A62-235B-4043-9737-BA9560B10675}
	EndProjectSection
EndProject
Project("{FAE04EC0-301F-11D3-BF4B-00C04F79EFBC}") = "KDS", "KDS\KDS.csproj", "{B7D4E6B3-B718-4FDB-83AB-7006DE31D894}"
EndProject
Project("{FAE04EC0-301F-11D3-BF4B-00C04F79EFBC}") = "KDSService", "KDSService\KDSService.csproj", "{C81D45F6-9F1B-4D58-AD91-F909E58CB61F}"
EndProject
Project("{FAE04EC0-301F-11D3-BF4B-00C04F79EFBC}") = "KDSWinSvcHost", "KDSWinSvcHost\KDSWinSvcHost.csproj", "{D993561F-3A85-4773-A9D2-4F76ABF7D53C}"
EndProject
Project("{FAE04EC0-301F-11D3-BF4B-00C04F79EFBC}") = "KDSConsoleSvcHost", "KDSConsoleSvcHost\KDSConsoleSvcHost.csproj", "{AC3B4FBA-98EF-4F5F-BFB0-1A39EECF2061}"
	ProjectSection(ProjectDependencies) = postProject
		{C81D45F6-9F1B-4D58-AD91-F909E58CB61F} = {C81D45F6-9F1B-4D58-AD91-F909E58CB61F}
	EndProjectSection
EndProject
Project("{FAE04EC0-301F-11D3-BF4B-00C04F79EFBC}") = "KDSConsoleClient", "KDSConsoleClient\KDSConsoleClient.csproj", "{B9CCB564-B8AC-497A-BB9F-F27BB503A4F5}"
EndProject
Global
	GlobalSection(SolutionConfigurationPlatforms) = preSolution
		Debug|Any CPU = Debug|Any CPU
		Release|Any CPU = Release|Any CPU
	EndGlobalSection
	GlobalSection(ProjectConfigurationPlatforms) = postSolution
		{70CB7228-189F-4E39-BDC7-0E349D31CF20}.Debug|Any CPU.ActiveCfg = Debug|Any CPU
		{70CB7228-189F-4E39-BDC7-0E349D31CF20}.Debug|Any CPU.Build.0 = Debug|Any CPU
		{70CB7228-189F-4E39-BDC7-0E349D31CF20}.Release|Any CPU.ActiveCfg = Release|Any CPU
		{70CB7228-189F-4E39-BDC7-0E349D31CF20}.Release|Any CPU.Build.0 = Release|Any CPU
		{51C39A62-235B-4043-9737-BA9560B10675}.Debug|Any CPU.ActiveCfg = Debug|Any CPU
		{51C39A62-235B-4043-9737-BA9560B10675}.Debug|Any CPU.Build.0 = Debug|Any CPU
		{51C39A62-235B-4043-9737-BA9560B10675}.Release|Any CPU.ActiveCfg = Release|Any CPU
		{51C39A62-235B-4043-9737-BA9560B10675}.Release|Any CPU.Build.0 = Release|Any CPU
		{377CDA51-6DF8-42E8-871E-54B13D7C8525}.Debug|Any CPU.ActiveCfg = Debug|Any CPU
		{377CDA51-6DF8-42E8-871E-54B13D7C8525}.Debug|Any CPU.Build.0 = Debug|Any CPU
		{377CDA51-6DF8-42E8-871E-54B13D7C8525}.Release|Any CPU.ActiveCfg = Release|Any CPU
		{377CDA51-6DF8-42E8-871E-54B13D7C8525}.Release|Any CPU.Build.0 = Release|Any CPU
		{3A9DF837-30A2-4477-931A-20D9925A1860}.Debug|Any CPU.ActiveCfg = Debug
		{3A9DF837-30A2-4477-931A-20D9925A1860}.Release|Any CPU.ActiveCfg = Release
		{B7D4E6B3-B718-4FDB-83AB-7006DE31D894}.Debug|Any CPU.ActiveCfg = Debug|Any CPU
		{B7D4E6B3-B718-4FDB-83AB-7006DE31D894}.Debug|Any CPU.Build.0 = Debug|Any CPU
		{B7D4E6B3-B718-4FDB-83AB-7006DE31D894}.Release|Any CPU.ActiveCfg = Release|Any CPU
		{B7D4E6B3-B718-4FDB-83AB-7006DE31D894}.Release|Any CPU.Build.0 = Release|Any CPU
		{C81D45F6-9F1B-4D58-AD91-F909E58CB61F}.Debug|Any CPU.ActiveCfg = Debug|Any CPU
		{C81D45F6-9F1B-4D58-AD91-F909E58CB61F}.Debug|Any CPU.Build.0 = Debug|Any CPU
		{C81D45F6-9F1B-4D58-AD91-F909E58CB61F}.Release|Any CPU.ActiveCfg = Release|Any CPU
		{C81D45F6-9F1B-4D58-AD91-F909E58CB61F}.Release|Any CPU.Build.0 = Release|Any CPU
		{D993561F-3A85-4773-A9D2-4F76ABF7D53C}.Debug|Any CPU.ActiveCfg = Debug|Any CPU
		{D993561F-3A85-4773-A9D2-4F76ABF7D53C}.Debug|Any CPU.Build.0 = Debug|Any CPU
		{D993561F-3A85-4773-A9D2-4F76ABF7D53C}.Release|Any CPU.ActiveCfg = Release|Any CPU
		{D993561F-3A85-4773-A9D2-4F76ABF7D53C}.Release|Any CPU.Build.0 = Release|Any CPU
		{AC3B4FBA-98EF-4F5F-BFB0-1A39EECF2061}.Debug|Any CPU.ActiveCfg = Debug|Any CPU
		{AC3B4FBA-98EF-4F5F-BFB0-1A39EECF2061}.Debug|Any CPU.Build.0 = Debug|Any CPU
		{AC3B4FBA-98EF-4F5F-BFB0-1A39EECF2061}.Release|Any CPU.ActiveCfg = Release|Any CPU
		{AC3B4FBA-98EF-4F5F-BFB0-1A39EECF2061}.Release|Any CPU.Build.0 = Release|Any CPU
		{B9CCB564-B8AC-497A-BB9F-F27BB503A4F5}.Debug|Any CPU.ActiveCfg = Debug|Any CPU
		{B9CCB564-B8AC-497A-BB9F-F27BB503A4F5}.Debug|Any CPU.Build.0 = Debug|Any CPU
		{B9CCB564-B8AC-497A-BB9F-F27BB503A4F5}.Release|Any CPU.ActiveCfg = Release|Any CPU
		{B9CCB564-B8AC-497A-BB9F-F27BB503A4F5}.Release|Any CPU.Build.0 = Release|Any CPU
	EndGlobalSection
	GlobalSection(SolutionProperties) = preSolution
		HideSolutionNode = FALSE
	EndGlobalSection
EndGlobal
