
Microsoft Visual Studio Solution File, Format Version 12.00
# Visual Studio 14
VisualStudioVersion = 14.0.25420.1
MinimumVisualStudioVersion = 10.0.40219.1
Project("{FAE04EC0-301F-11D3-BF4B-00C04F79EFBC}") = "WPFQueueEmulator", "WPFQueueEmulator\WPFQueueEmulator.csproj", "{51C39A62-235B-4043-9737-BA9560B10675}"
EndProject
Project("{FAE04EC0-301F-11D3-BF4B-00C04F79EFBC}") = "ClientOrderQueue", "ClientOrderQueue\ClientOrderQueue.csproj", "{377CDA51-6DF8-42E8-871E-54B13D7C8525}"
EndProject
Project("{54435603-DBB4-11D2-8724-00A0C9A8B90C}") = "OrderQueueSetup", "OrderQueueSetup\Setup1.vdproj", "{3A9DF837-30A2-4477-931A-20D9925A1860}"
	ProjectSection(ProjectDependencies) = postProject
		{51C39A62-235B-4043-9737-BA9560B10675} = {51C39A62-235B-4043-9737-BA9560B10675}
	EndProjectSection
EndProject
Project("{FAE04EC0-301F-11D3-BF4B-00C04F79EFBC}") = "KDSWPFClient", "KDSWPFClient\KDSWPFClient.csproj", "{B7D4E6B3-B718-4FDB-83AB-7006DE31D894}"
EndProject
Project("{FAE04EC0-301F-11D3-BF4B-00C04F79EFBC}") = "KDSService", "KDSService\KDSService.csproj", "{C81D45F6-9F1B-4D58-AD91-F909E58CB61F}"
EndProject
Project("{FAE04EC0-301F-11D3-BF4B-00C04F79EFBC}") = "KDSWinSvcHost", "KDSWinSvcHost\KDSWinSvcHost.csproj", "{D993561F-3A85-4773-A9D2-4F76ABF7D53C}"
EndProject
Project("{FAE04EC0-301F-11D3-BF4B-00C04F79EFBC}") = "WpfTestMeasure", "WpfTestMeasure\WpfTestMeasure.csproj", "{E5462772-088B-41E5-81C5-5C4A036026F8}"
EndProject
Project("{FAE04EC0-301F-11D3-BF4B-00C04F79EFBC}") = "WpfKDSOrdersEmulator", "WpfKDSOrdersEmulator\WpfKDSOrdersEmulator.csproj", "{A622657F-2A44-44B7-ABC0-2E24FE0501E5}"
EndProject
Project("{FAE04EC0-301F-11D3-BF4B-00C04F79EFBC}") = "KDSConsoleClient", "KDSConsoleClient\KDSConsoleClient.csproj", "{8F9D1E93-B312-486D-9037-B5B3EAF5630D}"
EndProject
Project("{2150E333-8FDC-42A3-9474-1A3956D46DE8}") = "Solution Items", "Solution Items", "{0DEC3B92-8B25-4A42-961A-5F81DD6D2836}"
	ProjectSection(SolutionItems) = preProject
		KDSService.config = KDSService.config
	EndProjectSection
EndProject
Project("{FAE04EC0-301F-11D3-BF4B-00C04F79EFBC}") = "KDSConsoleSvcHost", "KDSConsoleSvcHost\KDSConsoleSvcHost.csproj", "{81F4F8CB-30EC-481D-B03C-CE7B21618CE8}"
EndProject
Project("{FAE04EC0-301F-11D3-BF4B-00C04F79EFBC}") = "ItselfRestart", "ItselfRestart\ItselfRestart.csproj", "{0D594446-7A9B-4684-B117-E00272C5DA30}"
EndProject
Global
	GlobalSection(SolutionConfigurationPlatforms) = preSolution
		Debug|Any CPU = Debug|Any CPU
		Release|Any CPU = Release|Any CPU
	EndGlobalSection
	GlobalSection(ProjectConfigurationPlatforms) = postSolution
		{51C39A62-235B-4043-9737-BA9560B10675}.Debug|Any CPU.ActiveCfg = Debug|Any CPU
		{51C39A62-235B-4043-9737-BA9560B10675}.Debug|Any CPU.Build.0 = Debug|Any CPU
		{51C39A62-235B-4043-9737-BA9560B10675}.Release|Any CPU.ActiveCfg = Release|Any CPU
		{51C39A62-235B-4043-9737-BA9560B10675}.Release|Any CPU.Build.0 = Release|Any CPU
		{377CDA51-6DF8-42E8-871E-54B13D7C8525}.Debug|Any CPU.ActiveCfg = Debug|Any CPU
		{377CDA51-6DF8-42E8-871E-54B13D7C8525}.Debug|Any CPU.Build.0 = Debug|Any CPU
		{377CDA51-6DF8-42E8-871E-54B13D7C8525}.Release|Any CPU.ActiveCfg = Release|Any CPU
		{377CDA51-6DF8-42E8-871E-54B13D7C8525}.Release|Any CPU.Build.0 = Release|Any CPU
		{3A9DF837-30A2-4477-931A-20D9925A1860}.Debug|Any CPU.ActiveCfg = Debug
		{3A9DF837-30A2-4477-931A-20D9925A1860}.Release|Any CPU.ActiveCfg = Release
		{B7D4E6B3-B718-4FDB-83AB-7006DE31D894}.Debug|Any CPU.ActiveCfg = Debug|Any CPU
		{B7D4E6B3-B718-4FDB-83AB-7006DE31D894}.Debug|Any CPU.Build.0 = Debug|Any CPU
		{B7D4E6B3-B718-4FDB-83AB-7006DE31D894}.Release|Any CPU.ActiveCfg = Release|Any CPU
		{B7D4E6B3-B718-4FDB-83AB-7006DE31D894}.Release|Any CPU.Build.0 = Release|Any CPU
		{C81D45F6-9F1B-4D58-AD91-F909E58CB61F}.Debug|Any CPU.ActiveCfg = Debug|Any CPU
		{C81D45F6-9F1B-4D58-AD91-F909E58CB61F}.Debug|Any CPU.Build.0 = Debug|Any CPU
		{C81D45F6-9F1B-4D58-AD91-F909E58CB61F}.Release|Any CPU.ActiveCfg = Release|Any CPU
		{C81D45F6-9F1B-4D58-AD91-F909E58CB61F}.Release|Any CPU.Build.0 = Release|Any CPU
		{D993561F-3A85-4773-A9D2-4F76ABF7D53C}.Debug|Any CPU.ActiveCfg = Debug|Any CPU
		{D993561F-3A85-4773-A9D2-4F76ABF7D53C}.Debug|Any CPU.Build.0 = Debug|Any CPU
		{D993561F-3A85-4773-A9D2-4F76ABF7D53C}.Release|Any CPU.ActiveCfg = Release|Any CPU
		{D993561F-3A85-4773-A9D2-4F76ABF7D53C}.Release|Any CPU.Build.0 = Release|Any CPU
		{E5462772-088B-41E5-81C5-5C4A036026F8}.Debug|Any CPU.ActiveCfg = Debug|Any CPU
		{E5462772-088B-41E5-81C5-5C4A036026F8}.Debug|Any CPU.Build.0 = Debug|Any CPU
		{E5462772-088B-41E5-81C5-5C4A036026F8}.Release|Any CPU.ActiveCfg = Release|Any CPU
		{E5462772-088B-41E5-81C5-5C4A036026F8}.Release|Any CPU.Build.0 = Release|Any CPU
		{A622657F-2A44-44B7-ABC0-2E24FE0501E5}.Debug|Any CPU.ActiveCfg = Debug|Any CPU
		{A622657F-2A44-44B7-ABC0-2E24FE0501E5}.Debug|Any CPU.Build.0 = Debug|Any CPU
		{A622657F-2A44-44B7-ABC0-2E24FE0501E5}.Release|Any CPU.ActiveCfg = Release|Any CPU
		{A622657F-2A44-44B7-ABC0-2E24FE0501E5}.Release|Any CPU.Build.0 = Release|Any CPU
		{8F9D1E93-B312-486D-9037-B5B3EAF5630D}.Debug|Any CPU.ActiveCfg = Debug|Any CPU
		{8F9D1E93-B312-486D-9037-B5B3EAF5630D}.Debug|Any CPU.Build.0 = Debug|Any CPU
		{8F9D1E93-B312-486D-9037-B5B3EAF5630D}.Release|Any CPU.ActiveCfg = Release|Any CPU
		{8F9D1E93-B312-486D-9037-B5B3EAF5630D}.Release|Any CPU.Build.0 = Release|Any CPU
		{81F4F8CB-30EC-481D-B03C-CE7B21618CE8}.Debug|Any CPU.ActiveCfg = Debug|Any CPU
		{81F4F8CB-30EC-481D-B03C-CE7B21618CE8}.Debug|Any CPU.Build.0 = Debug|Any CPU
		{81F4F8CB-30EC-481D-B03C-CE7B21618CE8}.Release|Any CPU.ActiveCfg = Release|Any CPU
		{81F4F8CB-30EC-481D-B03C-CE7B21618CE8}.Release|Any CPU.Build.0 = Release|Any CPU
		{0D594446-7A9B-4684-B117-E00272C5DA30}.Debug|Any CPU.ActiveCfg = Debug|Any CPU
		{0D594446-7A9B-4684-B117-E00272C5DA30}.Debug|Any CPU.Build.0 = Debug|Any CPU
		{0D594446-7A9B-4684-B117-E00272C5DA30}.Release|Any CPU.ActiveCfg = Release|Any CPU
		{0D594446-7A9B-4684-B117-E00272C5DA30}.Release|Any CPU.Build.0 = Release|Any CPU
	EndGlobalSection
	GlobalSection(SolutionProperties) = preSolution
		HideSolutionNode = FALSE
	EndGlobalSection
EndGlobal
